
Microsoft Visual Studio Solution File, Format Version 12.00
# Visual Studio Version 16
VisualStudioVersion = 16.0.31402.337
MinimumVisualStudioVersion = 10.0.40219.1
Project("{FAE04EC0-301F-11D3-BF4B-00C04F79EFBC}") = "LolAccountManager", "LolAccountManager.csproj", "{0E4CC0BC-A426-4F8C-990D-E9A42F18D555}"
EndProject
Project("{FAE04EC0-301F-11D3-BF4B-00C04F79EFBC}") = "LCULib", "..\LCULib\LCULib.csproj", "{BCEBA203-C9ED-4686-B4C0-1687A7B587C0}"
EndProject
Global
	GlobalSection(SolutionConfigurationPlatforms) = preSolution
		Debug|Any CPU = Debug|Any CPU
		Release|Any CPU = Release|Any CPU
	EndGlobalSection
	GlobalSection(ProjectConfigurationPlatforms) = postSolution
		{0E4CC0BC-A426-4F8C-990D-E9A42F18D555}.Debug|Any CPU.ActiveCfg = Debug|Any CPU
		{0E4CC0BC-A426-4F8C-990D-E9A42F18D555}.Debug|Any CPU.Build.0 = Debug|Any CPU
		{0E4CC0BC-A426-4F8C-990D-E9A42F18D555}.Release|Any CPU.ActiveCfg = Release|Any CPU
		{0E4CC0BC-A426-4F8C-990D-E9A42F18D555}.Release|Any CPU.Build.0 = Release|Any CPU
		{BCEBA203-C9ED-4686-B4C0-1687A7B587C0}.Debug|Any CPU.ActiveCfg = Debug|Any CPU
		{BCEBA203-C9ED-4686-B4C0-1687A7B587C0}.Debug|Any CPU.Build.0 = Debug|Any CPU
		{BCEBA203-C9ED-4686-B4C0-1687A7B587C0}.Release|Any CPU.ActiveCfg = Release|Any CPU
		{BCEBA203-C9ED-4686-B4C0-1687A7B587C0}.Release|Any CPU.Build.0 = Release|Any CPU
	EndGlobalSection
	GlobalSection(SolutionProperties) = preSolution
		HideSolutionNode = FALSE
	EndGlobalSection
	GlobalSection(ExtensibilityGlobals) = postSolution
		SolutionGuid = {82D337A0-0A11-424D-8FB9-5B194B8211C9}
	EndGlobalSection
EndGlobal
